{
  "version": 4,
  "terraform_version": "1.0.7",
  "serial": 13,
  "lineage": "df12b6bc-44b2-2cc8-2aa4-d28814fa1a86",
  "outputs": {
    "created_iam_users_all": {
      "value": [
        {
          "arn": "arn:aws:iam::651413097573:user/vasya",
          "force_destroy": false,
          "id": "vasya",
          "name": "vasya",
          "path": "/",
          "permissions_boundary": null,
          "tags": null,
          "tags_all": {},
          "unique_id": "AIDAZPKZ7BRSQEVBFPEAE"
        },
        {
          "arn": "arn:aws:iam::651413097573:user/petya",
          "force_destroy": false,
          "id": "petya",
          "name": "petya",
          "path": "/",
          "permissions_boundary": null,
          "tags": null,
          "tags_all": {},
          "unique_id": "AIDAZPKZ7BRSQM2CIAUVV"
        },
        {
          "arn": "arn:aws:iam::651413097573:user/kolya",
          "force_destroy": false,
          "id": "kolya",
          "name": "kolya",
          "path": "/",
          "permissions_boundary": null,
          "tags": null,
          "tags_all": {},
          "unique_id": "AIDAZPKZ7BRS3R67EZWKB"
        },
        {
          "arn": "arn:aws:iam::651413097573:user/lena",
          "force_destroy": false,
          "id": "lena",
          "name": "lena",
          "path": "/",
          "permissions_boundary": null,
          "tags": null,
          "tags_all": {},
          "unique_id": "AIDAZPKZ7BRSTBIXXRLKC"
        },
        {
          "arn": "arn:aws:iam::651413097573:user/masha",
          "force_destroy": false,
          "id": "masha",
          "name": "masha",
          "path": "/",
          "permissions_boundary": null,
          "tags": null,
          "tags_all": {},
          "unique_id": "AIDAZPKZ7BRSU3NIQORAW"
        },
        {
          "arn": "arn:aws:iam::651413097573:user/misha",
          "force_destroy": false,
          "id": "misha",
          "name": "misha",
          "path": "/",
          "permissions_boundary": null,
          "tags": null,
          "tags_all": {},
          "unique_id": "AIDAZPKZ7BRSVGHB2Q6CI"
        },
        {
          "arn": "arn:aws:iam::651413097573:user/vova",
          "force_destroy": false,
          "id": "vova",
          "name": "vova",
          "path": "/",
          "permissions_boundary": null,
          "tags": null,
          "tags_all": {},
          "unique_id": "AIDAZPKZ7BRSVRUKFQ6V6"
        },
        {
          "arn": "arn:aws:iam::651413097573:user/john",
          "force_destroy": false,
          "id": "john",
          "name": "john",
          "path": "/",
          "permissions_boundary": null,
          "tags": null,
          "tags_all": {},
          "unique_id": "AIDAZPKZ7BRSVV3CEGYRI"
        }
      ],
      "type": [
        "tuple",
        [
          [
            "object",
            {
              "arn": "string",
              "force_destroy": "bool",
              "id": "string",
              "name": "string",
              "path": "string",
              "permissions_boundary": "string",
              "tags": [
                "map",
                "string"
              ],
              "tags_all": [
                "map",
                "string"
              ],
              "unique_id": "string"
            }
          ],
          [
            "object",
            {
              "arn": "string",
              "force_destroy": "bool",
              "id": "string",
              "name": "string",
              "path": "string",
              "permissions_boundary": "string",
              "tags": [
                "map",
                "string"
              ],
              "tags_all": [
                "map",
                "string"
              ],
              "unique_id": "string"
            }
          ],
          [
            "object",
            {
              "arn": "string",
              "force_destroy": "bool",
              "id": "string",
              "name": "string",
              "path": "string",
              "permissions_boundary": "string",
              "tags": [
                "map",
                "string"
              ],
              "tags_all": [
                "map",
                "string"
              ],
              "unique_id": "string"
            }
          ],
          [
            "object",
            {
              "arn": "string",
              "force_destroy": "bool",
              "id": "string",
              "name": "string",
              "path": "string",
              "permissions_boundary": "string",
              "tags": [
                "map",
                "string"
              ],
              "tags_all": [
                "map",
                "string"
              ],
              "unique_id": "string"
            }
          ],
          [
            "object",
            {
              "arn": "string",
              "force_destroy": "bool",
              "id": "string",
              "name": "string",
              "path": "string",
              "permissions_boundary": "string",
              "tags": [
                "map",
                "string"
              ],
              "tags_all": [
                "map",
                "string"
              ],
              "unique_id": "string"
            }
          ],
          [
            "object",
            {
              "arn": "string",
              "force_destroy": "bool",
              "id": "string",
              "name": "string",
              "path": "string",
              "permissions_boundary": "string",
              "tags": [
                "map",
                "string"
              ],
              "tags_all": [
                "map",
                "string"
              ],
              "unique_id": "string"
            }
          ],
          [
            "object",
            {
              "arn": "string",
              "force_destroy": "bool",
              "id": "string",
              "name": "string",
              "path": "string",
              "permissions_boundary": "string",
              "tags": [
                "map",
                "string"
              ],
              "tags_all": [
                "map",
                "string"
              ],
              "unique_id": "string"
            }
          ],
          [
            "object",
            {
              "arn": "string",
              "force_destroy": "bool",
              "id": "string",
              "name": "string",
              "path": "string",
              "permissions_boundary": "string",
              "tags": [
                "map",
                "string"
              ],
              "tags_all": [
                "map",
                "string"
              ],
              "unique_id": "string"
            }
          ]
        ]
      ]
    },
    "created_iam_users_custom": {
      "value": [
        "Username: vasya has ARN: arn:aws:iam::651413097573:user/vasya",
        "Username: petya has ARN: arn:aws:iam::651413097573:user/petya",
        "Username: kolya has ARN: arn:aws:iam::651413097573:user/kolya",
        "Username: lena has ARN: arn:aws:iam::651413097573:user/lena",
        "Username: masha has ARN: arn:aws:iam::651413097573:user/masha",
        "Username: misha has ARN: arn:aws:iam::651413097573:user/misha",
        "Username: vova has ARN: arn:aws:iam::651413097573:user/vova",
        "Username: john has ARN: arn:aws:iam::651413097573:user/john"
      ],
      "type": [
        "tuple",
        [
          "string",
          "string",
          "string",
          "string",
          "string",
          "string",
          "string",
          "string"
        ]
      ]
    },
    "created_iam_users_ids": {
      "value": [
        "vasya",
        "petya",
        "kolya",
        "lena",
        "masha",
        "misha",
        "vova",
        "john"
      ],
      "type": [
        "tuple",
        [
          "string",
          "string",
          "string",
          "string",
          "string",
          "string",
          "string",
          "string"
        ]
      ]
    },
    "created_iam_users_map": {
      "value": {
        "AIDAZPKZ7BRS3R67EZWKB": "kolya",
        "AIDAZPKZ7BRSQEVBFPEAE": "vasya",
        "AIDAZPKZ7BRSQM2CIAUVV": "petya",
        "AIDAZPKZ7BRSTBIXXRLKC": "lena",
        "AIDAZPKZ7BRSU3NIQORAW": "masha",
        "AIDAZPKZ7BRSVGHB2Q6CI": "misha",
        "AIDAZPKZ7BRSVRUKFQ6V6": "vova",
        "AIDAZPKZ7BRSVV3CEGYRI": "john"
      },
      "type": [
        "object",
        {
          "AIDAZPKZ7BRS3R67EZWKB": "string",
          "AIDAZPKZ7BRSQEVBFPEAE": "string",
          "AIDAZPKZ7BRSQM2CIAUVV": "string",
          "AIDAZPKZ7BRSTBIXXRLKC": "string",
          "AIDAZPKZ7BRSU3NIQORAW": "string",
          "AIDAZPKZ7BRSVGHB2Q6CI": "string",
          "AIDAZPKZ7BRSVRUKFQ6V6": "string",
          "AIDAZPKZ7BRSVV3CEGYRI": "string"
        }
      ]
    },
    "custom_if_length": {
      "value": [
        "lena",
        "vova",
        "john"
      ],
      "type": [
        "tuple",
        [
          "string",
          "string",
          "string"
        ]
      ]
    },
    "server_all": {
      "value": {
        "i-01c0365027154bc9e": "13.51.45.44",
        "i-0cff81892cba66ca2": "13.51.249.56",
        "i-0d94025042d77204e": "16.170.167.132"
      },
      "type": [
        "object",
        {
          "i-01c0365027154bc9e": "string",
          "i-0cff81892cba66ca2": "string",
          "i-0d94025042d77204e": "string"
        }
      ]
    }
  },
  "resources": [
    {
      "mode": "managed",
      "type": "aws_iam_user",
      "name": "user1",
      "provider": "provider[\"registry.terraform.io/hashicorp/aws\"]",
      "instances": [
        {
          "schema_version": 0,
          "attributes": {
            "arn": "arn:aws:iam::651413097573:user/pushkin",
            "force_destroy": false,
            "id": "pushkin",
            "name": "pushkin",
            "path": "/",
            "permissions_boundary": null,
            "tags": null,
            "tags_all": {},
            "unique_id": "AIDAZPKZ7BRS4FFUW6ULB"
          },
          "sensitive_attributes": [],
          "private": "bnVsbA=="
        }
      ]
    },
    {
      "mode": "managed",
      "type": "aws_iam_user",
      "name": "users",
      "provider": "provider[\"registry.terraform.io/hashicorp/aws\"]",
      "instances": [
        {
          "index_key": 0,
          "schema_version": 0,
          "attributes": {
            "arn": "arn:aws:iam::651413097573:user/vasya",
            "force_destroy": false,
            "id": "vasya",
            "name": "vasya",
            "path": "/",
            "permissions_boundary": null,
            "tags": null,
            "tags_all": {},
            "unique_id": "AIDAZPKZ7BRSQEVBFPEAE"
          },
          "sensitive_attributes": [],
          "private": "bnVsbA=="
        },
        {
          "index_key": 1,
          "schema_version": 0,
          "attributes": {
            "arn": "arn:aws:iam::651413097573:user/petya",
            "force_destroy": false,
            "id": "petya",
            "name": "petya",
            "path": "/",
            "permissions_boundary": null,
            "tags": null,
            "tags_all": {},
            "unique_id": "AIDAZPKZ7BRSQM2CIAUVV"
          },
          "sensitive_attributes": [],
          "private": "bnVsbA=="
        },
        {
          "index_key": 2,
          "schema_version": 0,
          "attributes": {
            "arn": "arn:aws:iam::651413097573:user/kolya",
            "force_destroy": false,
            "id": "kolya",
            "name": "kolya",
            "path": "/",
            "permissions_boundary": null,
            "tags": null,
            "tags_all": {},
            "unique_id": "AIDAZPKZ7BRS3R67EZWKB"
          },
          "sensitive_attributes": [],
          "private": "bnVsbA=="
        },
        {
          "index_key": 3,
          "schema_version": 0,
          "attributes": {
            "arn": "arn:aws:iam::651413097573:user/lena",
            "force_destroy": false,
            "id": "lena",
            "name": "lena",
            "path": "/",
            "permissions_boundary": null,
            "tags": null,
            "tags_all": {},
            "unique_id": "AIDAZPKZ7BRSTBIXXRLKC"
          },
          "sensitive_attributes": [],
          "private": "bnVsbA=="
        },
        {
          "index_key": 4,
          "schema_version": 0,
          "attributes": {
            "arn": "arn:aws:iam::651413097573:user/masha",
            "force_destroy": false,
            "id": "masha",
            "name": "masha",
            "path": "/",
            "permissions_boundary": null,
            "tags": null,
            "tags_all": {},
            "unique_id": "AIDAZPKZ7BRSU3NIQORAW"
          },
          "sensitive_attributes": [],
          "private": "bnVsbA=="
        },
        {
          "index_key": 5,
          "schema_version": 0,
          "attributes": {
            "arn": "arn:aws:iam::651413097573:user/misha",
            "force_destroy": false,
            "id": "misha",
            "name": "misha",
            "path": "/",
            "permissions_boundary": null,
            "tags": null,
            "tags_all": {},
            "unique_id": "AIDAZPKZ7BRSVGHB2Q6CI"
          },
          "sensitive_attributes": [],
          "private": "bnVsbA=="
        },
        {
          "index_key": 6,
          "schema_version": 0,
          "attributes": {
            "arn": "arn:aws:iam::651413097573:user/vova",
            "force_destroy": false,
            "id": "vova",
            "name": "vova",
            "path": "/",
            "permissions_boundary": null,
            "tags": null,
            "tags_all": {},
            "unique_id": "AIDAZPKZ7BRSVRUKFQ6V6"
          },
          "sensitive_attributes": [],
          "private": "bnVsbA=="
        },
        {
          "index_key": 7,
          "schema_version": 0,
          "attributes": {
            "arn": "arn:aws:iam::651413097573:user/john",
            "force_destroy": false,
            "id": "john",
            "name": "john",
            "path": "/",
            "permissions_boundary": null,
            "tags": null,
            "tags_all": {},
            "unique_id": "AIDAZPKZ7BRSVV3CEGYRI"
          },
          "sensitive_attributes": [],
          "private": "bnVsbA=="
        }
      ]
    },
    {
      "mode": "managed",
      "type": "aws_instance",
      "name": "servers",
      "provider": "provider[\"registry.terraform.io/hashicorp/aws\"]",
      "instances": [
        {
          "index_key": 0,
          "schema_version": 1,
          "attributes": {
            "ami": "ami-0f0b4cb72cf3eadf3",
            "arn": "arn:aws:ec2:eu-north-1:651413097573:instance/i-0d94025042d77204e",
            "associate_public_ip_address": true,
            "availability_zone": "eu-north-1c",
            "capacity_reservation_specification": [
              {
                "capacity_reservation_preference": "open",
                "capacity_reservation_target": []
              }
            ],
            "cpu_core_count": 1,
            "cpu_threads_per_core": 2,
            "credit_specification": [
              {
                "cpu_credits": "unlimited"
              }
            ],
            "disable_api_termination": false,
            "ebs_block_device": [],
            "ebs_optimized": false,
            "enclave_options": [
              {
                "enabled": false
              }
            ],
            "ephemeral_block_device": [],
            "get_password_data": false,
            "hibernation": false,
            "host_id": null,
            "iam_instance_profile": "",
            "id": "i-0d94025042d77204e",
            "instance_initiated_shutdown_behavior": "stop",
            "instance_state": "running",
            "instance_type": "t3.micro",
            "ipv6_address_count": 0,
            "ipv6_addresses": [],
            "key_name": "",
            "launch_template": [],
            "metadata_options": [
              {
                "http_endpoint": "enabled",
                "http_put_response_hop_limit": 1,
                "http_tokens": "optional"
              }
            ],
            "monitoring": false,
            "network_interface": [],
            "outpost_arn": "",
            "password_data": "",
            "placement_group": "",
            "primary_network_interface_id": "eni-08fd0a34ca8f82b91",
            "private_dns": "ip-172-31-3-167.eu-north-1.compute.internal",
            "private_ip": "172.31.3.167",
            "public_dns": "ec2-16-170-167-132.eu-north-1.compute.amazonaws.com",
            "public_ip": "16.170.167.132",
            "root_block_device": [
              {
                "delete_on_termination": true,
                "device_name": "/dev/xvda",
                "encrypted": false,
                "iops": 100,
                "kms_key_id": "",
                "tags": {},
                "throughput": 0,
                "volume_id": "vol-0ce7a69f8f760c8d5",
                "volume_size": 8,
                "volume_type": "gp2"
              }
            ],
            "secondary_private_ips": [],
            "security_groups": [
              "default"
            ],
            "source_dest_check": true,
            "subnet_id": "subnet-4233ef0f",
            "tags": {
              "Name": "Server Number 1"
            },
            "tags_all": {
              "Name": "Server Number 1"
            },
            "tenancy": "default",
            "timeouts": null,
            "user_data": null,
            "user_data_base64": null,
            "volume_tags": null,
            "vpc_security_group_ids": [
              "sg-d8b9c4be"
            ]
          },
          "sensitive_attributes": [],
          "private": "eyJlMmJmYjczMC1lY2FhLTExZTYtOGY4OC0zNDM2M2JjN2M0YzAiOnsiY3JlYXRlIjo2MDAwMDAwMDAwMDAsImRlbGV0ZSI6MTIwMDAwMDAwMDAwMCwidXBkYXRlIjo2MDAwMDAwMDAwMDB9LCJzY2hlbWFfdmVyc2lvbiI6IjEifQ=="
        },
        {
          "index_key": 1,
          "schema_version": 1,
          "attributes": {
            "ami": "ami-0f0b4cb72cf3eadf3",
            "arn": "arn:aws:ec2:eu-north-1:651413097573:instance/i-01c0365027154bc9e",
            "associate_public_ip_address": true,
            "availability_zone": "eu-north-1c",
            "capacity_reservation_specification": [
              {
                "capacity_reservation_preference": "open",
                "capacity_reservation_target": []
              }
            ],
            "cpu_core_count": 1,
            "cpu_threads_per_core": 2,
            "credit_specification": [
              {
                "cpu_credits": "unlimited"
              }
            ],
            "disable_api_termination": false,
            "ebs_block_device": [],
            "ebs_optimized": false,
            "enclave_options": [
              {
                "enabled": false
              }
            ],
            "ephemeral_block_device": [],
            "get_password_data": false,
            "hibernation": false,
            "host_id": null,
            "iam_instance_profile": "",
            "id": "i-01c0365027154bc9e",
            "instance_initiated_shutdown_behavior": "stop",
            "instance_state": "running",
            "instance_type": "t3.micro",
            "ipv6_address_count": 0,
            "ipv6_addresses": [],
            "key_name": "",
            "launch_template": [],
            "metadata_options": [
              {
                "http_endpoint": "enabled",
                "http_put_response_hop_limit": 1,
                "http_tokens": "optional"
              }
            ],
            "monitoring": false,
            "network_interface": [],
            "outpost_arn": "",
            "password_data": "",
            "placement_group": "",
            "primary_network_interface_id": "eni-070968c5016dc6972",
            "private_dns": "ip-172-31-8-187.eu-north-1.compute.internal",
            "private_ip": "172.31.8.187",
            "public_dns": "ec2-13-51-45-44.eu-north-1.compute.amazonaws.com",
            "public_ip": "13.51.45.44",
            "root_block_device": [
              {
                "delete_on_termination": true,
                "device_name": "/dev/xvda",
                "encrypted": false,
                "iops": 100,
                "kms_key_id": "",
                "tags": {},
                "throughput": 0,
                "volume_id": "vol-0c06fbf93ddb936aa",
                "volume_size": 8,
                "volume_type": "gp2"
              }
            ],
            "secondary_private_ips": [],
            "security_groups": [
              "default"
            ],
            "source_dest_check": true,
            "subnet_id": "subnet-4233ef0f",
            "tags": {
              "Name": "Server Number 2"
            },
            "tags_all": {
              "Name": "Server Number 2"
            },
            "tenancy": "default",
            "timeouts": null,
            "user_data": null,
            "user_data_base64": null,
            "volume_tags": null,
            "vpc_security_group_ids": [
              "sg-d8b9c4be"
            ]
          },
          "sensitive_attributes": [],
          "private": "eyJlMmJmYjczMC1lY2FhLTExZTYtOGY4OC0zNDM2M2JjN2M0YzAiOnsiY3JlYXRlIjo2MDAwMDAwMDAwMDAsImRlbGV0ZSI6MTIwMDAwMDAwMDAwMCwidXBkYXRlIjo2MDAwMDAwMDAwMDB9LCJzY2hlbWFfdmVyc2lvbiI6IjEifQ=="
        },
        {
          "index_key": 2,
          "schema_version": 1,
          "attributes": {
            "ami": "ami-0f0b4cb72cf3eadf3",
            "arn": "arn:aws:ec2:eu-north-1:651413097573:instance/i-0cff81892cba66ca2",
            "associate_public_ip_address": true,
            "availability_zone": "eu-north-1c",
            "capacity_reservation_specification": [
              {
                "capacity_reservation_preference": "open",
                "capacity_reservation_target": []
              }
            ],
            "cpu_core_count": 1,
            "cpu_threads_per_core": 2,
            "credit_specification": [
              {
                "cpu_credits": "unlimited"
              }
            ],
            "disable_api_termination": false,
            "ebs_block_device": [],
            "ebs_optimized": false,
            "enclave_options": [
              {
                "enabled": false
              }
            ],
            "ephemeral_block_device": [],
            "get_password_data": false,
            "hibernation": false,
            "host_id": null,
            "iam_instance_profile": "",
            "id": "i-0cff81892cba66ca2",
            "instance_initiated_shutdown_behavior": "stop",
            "instance_state": "running",
            "instance_type": "t3.micro",
            "ipv6_address_count": 0,
            "ipv6_addresses": [],
            "key_name": "",
            "launch_template": [],
            "metadata_options": [
              {
                "http_endpoint": "enabled",
                "http_put_response_hop_limit": 1,
                "http_tokens": "optional"
              }
            ],
            "monitoring": false,
            "network_interface": [],
            "outpost_arn": "",
            "password_data": "",
            "placement_group": "",
            "primary_network_interface_id": "eni-0b70b08b82384dc83",
            "private_dns": "ip-172-31-6-26.eu-north-1.compute.internal",
            "private_ip": "172.31.6.26",
            "public_dns": "ec2-13-51-249-56.eu-north-1.compute.amazonaws.com",
            "public_ip": "13.51.249.56",
            "root_block_device": [
              {
                "delete_on_termination": true,
                "device_name": "/dev/xvda",
                "encrypted": false,
                "iops": 100,
                "kms_key_id": "",
                "tags": {},
                "throughput": 0,
                "volume_id": "vol-0c4079c21c1cdf11c",
                "volume_size": 8,
                "volume_type": "gp2"
              }
            ],
            "secondary_private_ips": [],
            "security_groups": [
              "default"
            ],
            "source_dest_check": true,
            "subnet_id": "subnet-4233ef0f",
            "tags": {
              "Name": "Server Number 3"
            },
            "tags_all": {
              "Name": "Server Number 3"
            },
            "tenancy": "default",
            "timeouts": null,
            "user_data": null,
            "user_data_base64": null,
            "volume_tags": null,
            "vpc_security_group_ids": [
              "sg-d8b9c4be"
            ]
          },
          "sensitive_attributes": [],
          "private": "eyJlMmJmYjczMC1lY2FhLTExZTYtOGY4OC0zNDM2M2JjN2M0YzAiOnsiY3JlYXRlIjo2MDAwMDAwMDAwMDAsImRlbGV0ZSI6MTIwMDAwMDAwMDAwMCwidXBkYXRlIjo2MDAwMDAwMDAwMDB9LCJzY2hlbWFfdmVyc2lvbiI6IjEifQ=="
        }
      ]
    }
  ]
}
