{
  "version": 4,
  "terraform_version": "1.0.5",
  "serial": 347,
  "lineage": "ab7220b7-284e-e3c6-8a58-4baa814f46dd",
  "outputs": {},
  "resources": [
    {
      "mode": "managed",
      "type": "azurerm_linux_virtual_machine",
      "name": "vm1",
      "provider": "provider[\"registry.terraform.io/hashicorp/azurerm\"]",
      "instances": [
        {
          "schema_version": 0,
          "attributes": {
            "additional_capabilities": [],
            "admin_password": "Pa55w.rd",
            "admin_ssh_key": [],
            "admin_username": "hillel",
            "allow_extension_operations": true,
            "availability_set_id": "",
            "boot_diagnostics": [],
            "computer_name": "vm1",
            "custom_data": null,
            "dedicated_host_id": "",
            "disable_password_authentication": false,
            "encryption_at_host_enabled": false,
            "eviction_policy": "",
            "extensions_time_budget": "PT1H30M",
            "id": "/subscriptions/301c82ea-1da6-4937-b12b-57be61aec097/resourceGroups/TF-EIS-RG/providers/Microsoft.Compute/virtualMachines/vm1",
            "identity": [],
            "license_type": "",
            "location": "westeurope",
            "max_bid_price": -1,
            "name": "vm1",
            "network_interface_ids": [
              "/subscriptions/301c82ea-1da6-4937-b12b-57be61aec097/resourceGroups/TF-EIS-RG/providers/Microsoft.Network/networkInterfaces/TF-nic-1"
            ],
            "os_disk": [
              {
                "caching": "ReadWrite",
                "diff_disk_settings": [],
                "disk_encryption_set_id": "",
                "disk_size_gb": 30,
                "name": "OsDiskVM1",
                "storage_account_type": "Standard_LRS",
                "write_accelerator_enabled": false
              }
            ],
            "plan": [],
            "platform_fault_domain": -1,
            "priority": "Regular",
            "private_ip_address": "10.0.0.10",
            "private_ip_addresses": [
              "10.0.0.10"
            ],
            "provision_vm_agent": true,
            "proximity_placement_group_id": "",
            "public_ip_address": "52.166.237.44",
            "public_ip_addresses": [
              "52.166.237.44"
            ],
            "resource_group_name": "TF-EIS-RG",
            "secret": [],
            "size": "Standard_B1s",
            "source_image_id": "",
            "source_image_reference": [
              {
                "offer": "CentOS",
                "publisher": "OpenLogic",
                "sku": "8_3",
                "version": "latest"
              }
            ],
            "tags": null,
            "timeouts": null,
            "virtual_machine_id": "48b2f2f9-4ada-4fea-8fbd-94e7d75f56ee",
            "virtual_machine_scale_set_id": "",
            "zone": ""
          },
          "sensitive_attributes": [],
          "private": "eyJlMmJmYjczMC1lY2FhLTExZTYtOGY4OC0zNDM2M2JjN2M0YzAiOnsiY3JlYXRlIjoyNzAwMDAwMDAwMDAwLCJkZWxldGUiOjI3MDAwMDAwMDAwMDAsInJlYWQiOjMwMDAwMDAwMDAwMCwidXBkYXRlIjoyNzAwMDAwMDAwMDAwfX0=",
          "dependencies": [
            "azurerm_network_interface.nic-1",
            "azurerm_public_ip.pubip1",
            "azurerm_resource_group.main",
            "azurerm_subnet.sub1",
            "azurerm_virtual_network.vnet1"
          ]
        }
      ]
    },
    {
      "mode": "managed",
      "type": "azurerm_linux_virtual_machine",
      "name": "vm2",
      "provider": "provider[\"registry.terraform.io/hashicorp/azurerm\"]",
      "instances": [
        {
          "schema_version": 0,
          "attributes": {
            "additional_capabilities": [],
            "admin_password": "Pa55w.rd",
            "admin_ssh_key": [],
            "admin_username": "hillel",
            "allow_extension_operations": true,
            "availability_set_id": "",
            "boot_diagnostics": [],
            "computer_name": "vm2",
            "custom_data": null,
            "dedicated_host_id": "",
            "disable_password_authentication": false,
            "encryption_at_host_enabled": false,
            "eviction_policy": "",
            "extensions_time_budget": "PT1H30M",
            "id": "/subscriptions/301c82ea-1da6-4937-b12b-57be61aec097/resourceGroups/TF-EIS-RG/providers/Microsoft.Compute/virtualMachines/vm2",
            "identity": [],
            "license_type": "",
            "location": "westeurope",
            "max_bid_price": -1,
            "name": "vm2",
            "network_interface_ids": [
              "/subscriptions/301c82ea-1da6-4937-b12b-57be61aec097/resourceGroups/TF-EIS-RG/providers/Microsoft.Network/networkInterfaces/TF-nic-2"
            ],
            "os_disk": [
              {
                "caching": "ReadWrite",
                "diff_disk_settings": [],
                "disk_encryption_set_id": "",
                "disk_size_gb": 30,
                "name": "OsDiskVM2",
                "storage_account_type": "Standard_LRS",
                "write_accelerator_enabled": false
              }
            ],
            "plan": [],
            "platform_fault_domain": -1,
            "priority": "Regular",
            "private_ip_address": "10.0.2.10",
            "private_ip_addresses": [
              "10.0.2.10"
            ],
            "provision_vm_agent": true,
            "proximity_placement_group_id": "",
            "public_ip_address": "",
            "public_ip_addresses": [],
            "resource_group_name": "TF-EIS-RG",
            "secret": [],
            "size": "Standard_B1s",
            "source_image_id": "",
            "source_image_reference": [
              {
                "offer": "CentOS",
                "publisher": "OpenLogic",
                "sku": "8_3",
                "version": "latest"
              }
            ],
            "tags": null,
            "timeouts": null,
            "virtual_machine_id": "e6e8e3f4-1422-43ba-a4e6-ca6b2e61fa1f",
            "virtual_machine_scale_set_id": "",
            "zone": ""
          },
          "sensitive_attributes": [],
          "private": "eyJlMmJmYjczMC1lY2FhLTExZTYtOGY4OC0zNDM2M2JjN2M0YzAiOnsiY3JlYXRlIjoyNzAwMDAwMDAwMDAwLCJkZWxldGUiOjI3MDAwMDAwMDAwMDAsInJlYWQiOjMwMDAwMDAwMDAwMCwidXBkYXRlIjoyNzAwMDAwMDAwMDAwfX0=",
          "dependencies": [
            "azurerm_network_interface.nic-2",
            "azurerm_resource_group.main",
            "azurerm_subnet.sub2",
            "azurerm_virtual_network.vnet2"
          ]
        }
      ]
    },
    {
      "mode": "managed",
      "type": "azurerm_network_interface",
      "name": "nic-1",
      "provider": "provider[\"registry.terraform.io/hashicorp/azurerm\"]",
      "instances": [
        {
          "schema_version": 0,
          "attributes": {
            "applied_dns_servers": [],
            "dns_servers": [],
            "enable_accelerated_networking": false,
            "enable_ip_forwarding": false,
            "id": "/subscriptions/301c82ea-1da6-4937-b12b-57be61aec097/resourceGroups/TF-EIS-RG/providers/Microsoft.Network/networkInterfaces/TF-nic-1",
            "internal_dns_name_label": "",
            "internal_domain_name_suffix": "cl1t5cgeqwde5lq553cysnqbpb.ax.internal.cloudapp.net",
            "ip_configuration": [
              {
                "name": "tfconfig-1",
                "primary": true,
                "private_ip_address": "10.0.0.10",
                "private_ip_address_allocation": "Static",
                "private_ip_address_version": "IPv4",
                "public_ip_address_id": "/subscriptions/301c82ea-1da6-4937-b12b-57be61aec097/resourceGroups/TF-EIS-RG/providers/Microsoft.Network/publicIPAddresses/TF-pubip1",
                "subnet_id": "/subscriptions/301c82ea-1da6-4937-b12b-57be61aec097/resourceGroups/TF-EIS-RG/providers/Microsoft.Network/virtualNetworks/TF-EIS-Network-1/subnets/TF-EIS-SubNet-1"
              }
            ],
            "location": "westeurope",
            "mac_address": "",
            "name": "TF-nic-1",
            "private_ip_address": "10.0.0.10",
            "private_ip_addresses": [
              "10.0.0.10"
            ],
            "resource_group_name": "TF-EIS-RG",
            "tags": null,
            "timeouts": null,
            "virtual_machine_id": ""
          },
          "sensitive_attributes": [],
          "private": "eyJlMmJmYjczMC1lY2FhLTExZTYtOGY4OC0zNDM2M2JjN2M0YzAiOnsiY3JlYXRlIjoxODAwMDAwMDAwMDAwLCJkZWxldGUiOjE4MDAwMDAwMDAwMDAsInJlYWQiOjMwMDAwMDAwMDAwMCwidXBkYXRlIjoxODAwMDAwMDAwMDAwfX0=",
          "dependencies": [
            "azurerm_public_ip.pubip1",
            "azurerm_resource_group.main",
            "azurerm_subnet.sub1",
            "azurerm_virtual_network.vnet1"
          ]
        }
      ]
    },
    {
      "mode": "managed",
      "type": "azurerm_network_interface",
      "name": "nic-2",
      "provider": "provider[\"registry.terraform.io/hashicorp/azurerm\"]",
      "instances": [
        {
          "schema_version": 0,
          "attributes": {
            "applied_dns_servers": [],
            "dns_servers": [],
            "enable_accelerated_networking": false,
            "enable_ip_forwarding": false,
            "id": "/subscriptions/301c82ea-1da6-4937-b12b-57be61aec097/resourceGroups/TF-EIS-RG/providers/Microsoft.Network/networkInterfaces/TF-nic-2",
            "internal_dns_name_label": "",
            "internal_domain_name_suffix": "onqkydddakgexde2evxquvqpod.ax.internal.cloudapp.net",
            "ip_configuration": [
              {
                "name": "tfconfig-2",
                "primary": true,
                "private_ip_address": "10.0.2.10",
                "private_ip_address_allocation": "Static",
                "private_ip_address_version": "IPv4",
                "public_ip_address_id": "",
                "subnet_id": "/subscriptions/301c82ea-1da6-4937-b12b-57be61aec097/resourceGroups/TF-EIS-RG/providers/Microsoft.Network/virtualNetworks/TF-EIS-Network-2/subnets/TF-EIS-SubNet-2"
              }
            ],
            "location": "westeurope",
            "mac_address": "",
            "name": "TF-nic-2",
            "private_ip_address": "10.0.2.10",
            "private_ip_addresses": [
              "10.0.2.10"
            ],
            "resource_group_name": "TF-EIS-RG",
            "tags": null,
            "timeouts": null,
            "virtual_machine_id": ""
          },
          "sensitive_attributes": [],
          "private": "eyJlMmJmYjczMC1lY2FhLTExZTYtOGY4OC0zNDM2M2JjN2M0YzAiOnsiY3JlYXRlIjoxODAwMDAwMDAwMDAwLCJkZWxldGUiOjE4MDAwMDAwMDAwMDAsInJlYWQiOjMwMDAwMDAwMDAwMCwidXBkYXRlIjoxODAwMDAwMDAwMDAwfX0=",
          "dependencies": [
            "azurerm_resource_group.main",
            "azurerm_subnet.sub2",
            "azurerm_virtual_network.vnet2"
          ]
        }
      ]
    },
    {
      "mode": "managed",
      "type": "azurerm_network_security_group",
      "name": "netsecgr",
      "provider": "provider[\"registry.terraform.io/hashicorp/azurerm\"]",
      "instances": [
        {
          "schema_version": 0,
          "attributes": {
            "id": "/subscriptions/301c82ea-1da6-4937-b12b-57be61aec097/resourceGroups/TF-EIS-RG/providers/Microsoft.Network/networkSecurityGroups/TF-EIS-SecurityGroup",
            "location": "westeurope",
            "name": "TF-EIS-SecurityGroup",
            "resource_group_name": "TF-EIS-RG",
            "security_rule": [
              {
                "access": "Allow",
                "description": "",
                "destination_address_prefix": "*",
                "destination_address_prefixes": [],
                "destination_application_security_group_ids": [],
                "destination_port_range": "",
                "destination_port_ranges": [
                  "22"
                ],
                "direction": "Inbound",
                "name": "ssh",
                "priority": 100,
                "protocol": "Tcp",
                "source_address_prefix": "*",
                "source_address_prefixes": [],
                "source_application_security_group_ids": [],
                "source_port_range": "*",
                "source_port_ranges": []
              }
            ],
            "tags": null,
            "timeouts": null
          },
          "sensitive_attributes": [],
          "private": "eyJlMmJmYjczMC1lY2FhLTExZTYtOGY4OC0zNDM2M2JjN2M0YzAiOnsiY3JlYXRlIjoxODAwMDAwMDAwMDAwLCJkZWxldGUiOjE4MDAwMDAwMDAwMDAsInJlYWQiOjMwMDAwMDAwMDAwMCwidXBkYXRlIjoxODAwMDAwMDAwMDAwfX0=",
          "dependencies": [
            "azurerm_resource_group.main"
          ]
        }
      ]
    },
    {
      "mode": "managed",
      "type": "azurerm_private_dns_a_record",
      "name": "vm1",
      "provider": "provider[\"registry.terraform.io/hashicorp/azurerm\"]",
      "instances": [
        {
          "schema_version": 0,
          "attributes": {
            "fqdn": "vm1.tf-eis-private-dns.com.",
            "id": "/subscriptions/301c82ea-1da6-4937-b12b-57be61aec097/resourceGroups/TF-EIS-RG/providers/Microsoft.Network/privateDnsZones/TF-EIS-private-dns.com/A/vm1",
            "name": "vm1",
            "records": [
              "10.0.0.10"
            ],
            "resource_group_name": "TF-EIS-RG",
            "tags": null,
            "timeouts": null,
            "ttl": 300,
            "zone_name": "TF-EIS-private-dns.com"
          },
          "sensitive_attributes": [],
          "private": "eyJlMmJmYjczMC1lY2FhLTExZTYtOGY4OC0zNDM2M2JjN2M0YzAiOnsiY3JlYXRlIjoxODAwMDAwMDAwMDAwLCJkZWxldGUiOjE4MDAwMDAwMDAwMDAsInJlYWQiOjMwMDAwMDAwMDAwMCwidXBkYXRlIjoxODAwMDAwMDAwMDAwfX0=",
          "dependencies": [
            "azurerm_private_dns_zone.dns",
            "azurerm_resource_group.main"
          ]
        }
      ]
    },
    {
      "mode": "managed",
      "type": "azurerm_private_dns_a_record",
      "name": "vm2",
      "provider": "provider[\"registry.terraform.io/hashicorp/azurerm\"]",
      "instances": [
        {
          "schema_version": 0,
          "attributes": {
            "fqdn": "vm2.tf-eis-private-dns.com.",
            "id": "/subscriptions/301c82ea-1da6-4937-b12b-57be61aec097/resourceGroups/TF-EIS-RG/providers/Microsoft.Network/privateDnsZones/TF-EIS-private-dns.com/A/vm2",
            "name": "vm2",
            "records": [
              "10.0.2.10"
            ],
            "resource_group_name": "TF-EIS-RG",
            "tags": null,
            "timeouts": null,
            "ttl": 300,
            "zone_name": "TF-EIS-private-dns.com"
          },
          "sensitive_attributes": [],
          "private": "eyJlMmJmYjczMC1lY2FhLTExZTYtOGY4OC0zNDM2M2JjN2M0YzAiOnsiY3JlYXRlIjoxODAwMDAwMDAwMDAwLCJkZWxldGUiOjE4MDAwMDAwMDAwMDAsInJlYWQiOjMwMDAwMDAwMDAwMCwidXBkYXRlIjoxODAwMDAwMDAwMDAwfX0=",
          "dependencies": [
            "azurerm_private_dns_zone.dns",
            "azurerm_resource_group.main"
          ]
        }
      ]
    },
    {
      "mode": "managed",
      "type": "azurerm_private_dns_zone",
      "name": "dns",
      "provider": "provider[\"registry.terraform.io/hashicorp/azurerm\"]",
      "instances": [
        {
          "schema_version": 0,
          "attributes": {
            "id": "/subscriptions/301c82ea-1da6-4937-b12b-57be61aec097/resourceGroups/TF-EIS-RG/providers/Microsoft.Network/privateDnsZones/TF-EIS-private-dns.com",
            "max_number_of_record_sets": 25000,
            "max_number_of_virtual_network_links": 1000,
            "max_number_of_virtual_network_links_with_registration": 100,
            "name": "TF-EIS-private-dns.com",
            "number_of_record_sets": 1,
            "resource_group_name": "TF-EIS-RG",
            "soa_record": [
              {
                "email": "azureprivatedns-host.microsoft.com",
                "expire_time": 2419200,
                "fqdn": "tf-eis-private-dns.com.",
                "host_name": "azureprivatedns.net",
                "minimum_ttl": 10,
                "refresh_time": 3600,
                "retry_time": 300,
                "serial_number": 1,
                "tags": {},
                "ttl": 3600
              }
            ],
            "tags": null,
            "timeouts": null
          },
          "sensitive_attributes": [],
          "private": "eyJlMmJmYjczMC1lY2FhLTExZTYtOGY4OC0zNDM2M2JjN2M0YzAiOnsiY3JlYXRlIjoxODAwMDAwMDAwMDAwLCJkZWxldGUiOjE4MDAwMDAwMDAwMDAsInJlYWQiOjMwMDAwMDAwMDAwMCwidXBkYXRlIjoxODAwMDAwMDAwMDAwfX0=",
          "dependencies": [
            "azurerm_resource_group.main"
          ]
        }
      ]
    },
    {
      "mode": "managed",
      "type": "azurerm_private_dns_zone_virtual_network_link",
      "name": "netlink1",
      "provider": "provider[\"registry.terraform.io/hashicorp/azurerm\"]",
      "instances": [
        {
          "schema_version": 0,
          "attributes": {
            "id": "/subscriptions/301c82ea-1da6-4937-b12b-57be61aec097/resourceGroups/TF-EIS-RG/providers/Microsoft.Network/privateDnsZones/TF-EIS-private-dns.com/virtualNetworkLinks/TF-EIS-network-link1",
            "name": "TF-EIS-network-link1",
            "private_dns_zone_name": "TF-EIS-private-dns.com",
            "registration_enabled": false,
            "resource_group_name": "TF-EIS-RG",
            "tags": null,
            "timeouts": null,
            "virtual_network_id": "/subscriptions/301c82ea-1da6-4937-b12b-57be61aec097/resourceGroups/TF-EIS-RG/providers/Microsoft.Network/virtualNetworks/TF-EIS-Network-1"
          },
          "sensitive_attributes": [],
          "private": "eyJlMmJmYjczMC1lY2FhLTExZTYtOGY4OC0zNDM2M2JjN2M0YzAiOnsiY3JlYXRlIjoxODAwMDAwMDAwMDAwLCJkZWxldGUiOjE4MDAwMDAwMDAwMDAsInJlYWQiOjMwMDAwMDAwMDAwMCwidXBkYXRlIjoxODAwMDAwMDAwMDAwfX0=",
          "dependencies": [
            "azurerm_private_dns_zone.dns",
            "azurerm_resource_group.main",
            "azurerm_virtual_network.vnet1"
          ]
        }
      ]
    },
    {
      "mode": "managed",
      "type": "azurerm_private_dns_zone_virtual_network_link",
      "name": "netlink2",
      "provider": "provider[\"registry.terraform.io/hashicorp/azurerm\"]",
      "instances": [
        {
          "schema_version": 0,
          "attributes": {
            "id": "/subscriptions/301c82ea-1da6-4937-b12b-57be61aec097/resourceGroups/TF-EIS-RG/providers/Microsoft.Network/privateDnsZones/TF-EIS-private-dns.com/virtualNetworkLinks/TF-EIS-network-link2",
            "name": "TF-EIS-network-link2",
            "private_dns_zone_name": "TF-EIS-private-dns.com",
            "registration_enabled": false,
            "resource_group_name": "TF-EIS-RG",
            "tags": null,
            "timeouts": null,
            "virtual_network_id": "/subscriptions/301c82ea-1da6-4937-b12b-57be61aec097/resourceGroups/TF-EIS-RG/providers/Microsoft.Network/virtualNetworks/TF-EIS-Network-2"
          },
          "sensitive_attributes": [],
          "private": "eyJlMmJmYjczMC1lY2FhLTExZTYtOGY4OC0zNDM2M2JjN2M0YzAiOnsiY3JlYXRlIjoxODAwMDAwMDAwMDAwLCJkZWxldGUiOjE4MDAwMDAwMDAwMDAsInJlYWQiOjMwMDAwMDAwMDAwMCwidXBkYXRlIjoxODAwMDAwMDAwMDAwfX0=",
          "dependencies": [
            "azurerm_private_dns_zone.dns",
            "azurerm_resource_group.main",
            "azurerm_virtual_network.vnet2"
          ]
        }
      ]
    },
    {
      "mode": "managed",
      "type": "azurerm_public_ip",
      "name": "pubip1",
      "provider": "provider[\"registry.terraform.io/hashicorp/azurerm\"]",
      "instances": [
        {
          "schema_version": 0,
          "attributes": {
            "allocation_method": "Dynamic",
            "availability_zone": "No-Zone",
            "domain_name_label": null,
            "fqdn": null,
            "id": "/subscriptions/301c82ea-1da6-4937-b12b-57be61aec097/resourceGroups/TF-EIS-RG/providers/Microsoft.Network/publicIPAddresses/TF-pubip1",
            "idle_timeout_in_minutes": 4,
            "ip_address": "",
            "ip_tags": null,
            "ip_version": "IPv4",
            "location": "westeurope",
            "name": "TF-pubip1",
            "public_ip_prefix_id": null,
            "resource_group_name": "TF-EIS-RG",
            "reverse_fqdn": null,
            "sku": "Basic",
            "sku_tier": "Regional",
            "tags": null,
            "timeouts": null,
            "zones": []
          },
          "sensitive_attributes": [],
          "private": "eyJlMmJmYjczMC1lY2FhLTExZTYtOGY4OC0zNDM2M2JjN2M0YzAiOnsiY3JlYXRlIjoxODAwMDAwMDAwMDAwLCJkZWxldGUiOjE4MDAwMDAwMDAwMDAsInJlYWQiOjMwMDAwMDAwMDAwMCwidXBkYXRlIjoxODAwMDAwMDAwMDAwfX0=",
          "dependencies": [
            "azurerm_resource_group.main"
          ]
        }
      ]
    },
    {
      "mode": "managed",
      "type": "azurerm_resource_group",
      "name": "main",
      "provider": "provider[\"registry.terraform.io/hashicorp/azurerm\"]",
      "instances": [
        {
          "schema_version": 0,
          "attributes": {
            "id": "/subscriptions/301c82ea-1da6-4937-b12b-57be61aec097/resourceGroups/TF-EIS-RG",
            "location": "westeurope",
            "name": "TF-EIS-RG",
            "tags": null,
            "timeouts": null
          },
          "sensitive_attributes": [],
          "private": "eyJlMmJmYjczMC1lY2FhLTExZTYtOGY4OC0zNDM2M2JjN2M0YzAiOnsiY3JlYXRlIjo1NDAwMDAwMDAwMDAwLCJkZWxldGUiOjU0MDAwMDAwMDAwMDAsInJlYWQiOjMwMDAwMDAwMDAwMCwidXBkYXRlIjo1NDAwMDAwMDAwMDAwfX0="
        }
      ]
    },
    {
      "mode": "managed",
      "type": "azurerm_subnet",
      "name": "sub1",
      "provider": "provider[\"registry.terraform.io/hashicorp/azurerm\"]",
      "instances": [
        {
          "schema_version": 0,
          "attributes": {
            "address_prefix": "10.0.0.0/24",
            "address_prefixes": [
              "10.0.0.0/24"
            ],
            "delegation": [],
            "enforce_private_link_endpoint_network_policies": false,
            "enforce_private_link_service_network_policies": false,
            "id": "/subscriptions/301c82ea-1da6-4937-b12b-57be61aec097/resourceGroups/TF-EIS-RG/providers/Microsoft.Network/virtualNetworks/TF-EIS-Network-1/subnets/TF-EIS-SubNet-1",
            "name": "TF-EIS-SubNet-1",
            "resource_group_name": "TF-EIS-RG",
            "service_endpoint_policy_ids": null,
            "service_endpoints": null,
            "timeouts": null,
            "virtual_network_name": "TF-EIS-Network-1"
          },
          "sensitive_attributes": [],
          "private": "eyJlMmJmYjczMC1lY2FhLTExZTYtOGY4OC0zNDM2M2JjN2M0YzAiOnsiY3JlYXRlIjoxODAwMDAwMDAwMDAwLCJkZWxldGUiOjE4MDAwMDAwMDAwMDAsInJlYWQiOjMwMDAwMDAwMDAwMCwidXBkYXRlIjoxODAwMDAwMDAwMDAwfX0=",
          "dependencies": [
            "azurerm_resource_group.main",
            "azurerm_virtual_network.vnet1"
          ]
        }
      ]
    },
    {
      "mode": "managed",
      "type": "azurerm_subnet",
      "name": "sub2",
      "provider": "provider[\"registry.terraform.io/hashicorp/azurerm\"]",
      "instances": [
        {
          "schema_version": 0,
          "attributes": {
            "address_prefix": "10.0.2.0/24",
            "address_prefixes": [
              "10.0.2.0/24"
            ],
            "delegation": [],
            "enforce_private_link_endpoint_network_policies": false,
            "enforce_private_link_service_network_policies": false,
            "id": "/subscriptions/301c82ea-1da6-4937-b12b-57be61aec097/resourceGroups/TF-EIS-RG/providers/Microsoft.Network/virtualNetworks/TF-EIS-Network-2/subnets/TF-EIS-SubNet-2",
            "name": "TF-EIS-SubNet-2",
            "resource_group_name": "TF-EIS-RG",
            "service_endpoint_policy_ids": null,
            "service_endpoints": null,
            "timeouts": null,
            "virtual_network_name": "TF-EIS-Network-2"
          },
          "sensitive_attributes": [],
          "private": "eyJlMmJmYjczMC1lY2FhLTExZTYtOGY4OC0zNDM2M2JjN2M0YzAiOnsiY3JlYXRlIjoxODAwMDAwMDAwMDAwLCJkZWxldGUiOjE4MDAwMDAwMDAwMDAsInJlYWQiOjMwMDAwMDAwMDAwMCwidXBkYXRlIjoxODAwMDAwMDAwMDAwfX0=",
          "dependencies": [
            "azurerm_resource_group.main",
            "azurerm_virtual_network.vnet2"
          ]
        }
      ]
    },
    {
      "mode": "managed",
      "type": "azurerm_subnet_network_security_group_association",
      "name": "secgrass1",
      "provider": "provider[\"registry.terraform.io/hashicorp/azurerm\"]",
      "instances": [
        {
          "schema_version": 0,
          "attributes": {
            "id": "/subscriptions/301c82ea-1da6-4937-b12b-57be61aec097/resourceGroups/TF-EIS-RG/providers/Microsoft.Network/virtualNetworks/TF-EIS-Network-1/subnets/TF-EIS-SubNet-1",
            "network_security_group_id": "/subscriptions/301c82ea-1da6-4937-b12b-57be61aec097/resourceGroups/TF-EIS-RG/providers/Microsoft.Network/networkSecurityGroups/TF-EIS-SecurityGroup",
            "subnet_id": "/subscriptions/301c82ea-1da6-4937-b12b-57be61aec097/resourceGroups/TF-EIS-RG/providers/Microsoft.Network/virtualNetworks/TF-EIS-Network-1/subnets/TF-EIS-SubNet-1",
            "timeouts": null
          },
          "sensitive_attributes": [],
          "private": "eyJlMmJmYjczMC1lY2FhLTExZTYtOGY4OC0zNDM2M2JjN2M0YzAiOnsiY3JlYXRlIjoxODAwMDAwMDAwMDAwLCJkZWxldGUiOjE4MDAwMDAwMDAwMDAsInJlYWQiOjMwMDAwMDAwMDAwMCwidXBkYXRlIjoxODAwMDAwMDAwMDAwfX0=",
          "dependencies": [
            "azurerm_network_security_group.netsecgr",
            "azurerm_resource_group.main",
            "azurerm_subnet.sub1",
            "azurerm_virtual_network.vnet1"
          ]
        }
      ]
    },
    {
      "mode": "managed",
      "type": "azurerm_subnet_network_security_group_association",
      "name": "secgrass2",
      "provider": "provider[\"registry.terraform.io/hashicorp/azurerm\"]",
      "instances": [
        {
          "schema_version": 0,
          "attributes": {
            "id": "/subscriptions/301c82ea-1da6-4937-b12b-57be61aec097/resourceGroups/TF-EIS-RG/providers/Microsoft.Network/virtualNetworks/TF-EIS-Network-2/subnets/TF-EIS-SubNet-2",
            "network_security_group_id": "/subscriptions/301c82ea-1da6-4937-b12b-57be61aec097/resourceGroups/TF-EIS-RG/providers/Microsoft.Network/networkSecurityGroups/TF-EIS-SecurityGroup",
            "subnet_id": "/subscriptions/301c82ea-1da6-4937-b12b-57be61aec097/resourceGroups/TF-EIS-RG/providers/Microsoft.Network/virtualNetworks/TF-EIS-Network-2/subnets/TF-EIS-SubNet-2",
            "timeouts": null
          },
          "sensitive_attributes": [],
          "private": "eyJlMmJmYjczMC1lY2FhLTExZTYtOGY4OC0zNDM2M2JjN2M0YzAiOnsiY3JlYXRlIjoxODAwMDAwMDAwMDAwLCJkZWxldGUiOjE4MDAwMDAwMDAwMDAsInJlYWQiOjMwMDAwMDAwMDAwMCwidXBkYXRlIjoxODAwMDAwMDAwMDAwfX0=",
          "dependencies": [
            "azurerm_network_security_group.netsecgr",
            "azurerm_resource_group.main",
            "azurerm_subnet.sub2",
            "azurerm_virtual_network.vnet2"
          ]
        }
      ]
    },
    {
      "mode": "managed",
      "type": "azurerm_virtual_network",
      "name": "vnet1",
      "provider": "provider[\"registry.terraform.io/hashicorp/azurerm\"]",
      "instances": [
        {
          "schema_version": 0,
          "attributes": {
            "address_space": [
              "10.0.0.0/23"
            ],
            "bgp_community": "",
            "ddos_protection_plan": [],
            "dns_servers": [],
            "guid": "883ff712-85c4-4f86-ae1f-ff4589360179",
            "id": "/subscriptions/301c82ea-1da6-4937-b12b-57be61aec097/resourceGroups/TF-EIS-RG/providers/Microsoft.Network/virtualNetworks/TF-EIS-Network-1",
            "location": "westeurope",
            "name": "TF-EIS-Network-1",
            "resource_group_name": "TF-EIS-RG",
            "subnet": [],
            "tags": null,
            "timeouts": null,
            "vm_protection_enabled": false
          },
          "sensitive_attributes": [],
          "private": "eyJlMmJmYjczMC1lY2FhLTExZTYtOGY4OC0zNDM2M2JjN2M0YzAiOnsiY3JlYXRlIjoxODAwMDAwMDAwMDAwLCJkZWxldGUiOjE4MDAwMDAwMDAwMDAsInJlYWQiOjMwMDAwMDAwMDAwMCwidXBkYXRlIjoxODAwMDAwMDAwMDAwfX0=",
          "dependencies": [
            "azurerm_resource_group.main"
          ]
        }
      ]
    },
    {
      "mode": "managed",
      "type": "azurerm_virtual_network",
      "name": "vnet2",
      "provider": "provider[\"registry.terraform.io/hashicorp/azurerm\"]",
      "instances": [
        {
          "schema_version": 0,
          "attributes": {
            "address_space": [
              "10.0.2.0/23"
            ],
            "bgp_community": "",
            "ddos_protection_plan": [],
            "dns_servers": [],
            "guid": "0cac6073-0263-4b8c-8c9c-256f0a560f73",
            "id": "/subscriptions/301c82ea-1da6-4937-b12b-57be61aec097/resourceGroups/TF-EIS-RG/providers/Microsoft.Network/virtualNetworks/TF-EIS-Network-2",
            "location": "westeurope",
            "name": "TF-EIS-Network-2",
            "resource_group_name": "TF-EIS-RG",
            "subnet": [],
            "tags": null,
            "timeouts": null,
            "vm_protection_enabled": false
          },
          "sensitive_attributes": [],
          "private": "eyJlMmJmYjczMC1lY2FhLTExZTYtOGY4OC0zNDM2M2JjN2M0YzAiOnsiY3JlYXRlIjoxODAwMDAwMDAwMDAwLCJkZWxldGUiOjE4MDAwMDAwMDAwMDAsInJlYWQiOjMwMDAwMDAwMDAwMCwidXBkYXRlIjoxODAwMDAwMDAwMDAwfX0=",
          "dependencies": [
            "azurerm_resource_group.main"
          ]
        }
      ]
    },
    {
      "mode": "managed",
      "type": "azurerm_virtual_network_peering",
      "name": "VnePerring_1_to_2",
      "provider": "provider[\"registry.terraform.io/hashicorp/azurerm\"]",
      "instances": [
        {
          "schema_version": 0,
          "attributes": {
            "allow_forwarded_traffic": false,
            "allow_gateway_transit": false,
            "allow_virtual_network_access": true,
            "id": "/subscriptions/301c82ea-1da6-4937-b12b-57be61aec097/resourceGroups/TF-EIS-RG/providers/Microsoft.Network/virtualNetworks/TF-EIS-Network-1/virtualNetworkPeerings/peer_a2b",
            "name": "peer_a2b",
            "remote_virtual_network_id": "/subscriptions/301c82ea-1da6-4937-b12b-57be61aec097/resourceGroups/TF-EIS-RG/providers/Microsoft.Network/virtualNetworks/TF-EIS-Network-2",
            "resource_group_name": "TF-EIS-RG",
            "timeouts": null,
            "use_remote_gateways": false,
            "virtual_network_name": "TF-EIS-Network-1"
          },
          "sensitive_attributes": [],
          "private": "eyJlMmJmYjczMC1lY2FhLTExZTYtOGY4OC0zNDM2M2JjN2M0YzAiOnsiY3JlYXRlIjoxODAwMDAwMDAwMDAwLCJkZWxldGUiOjE4MDAwMDAwMDAwMDAsInJlYWQiOjMwMDAwMDAwMDAwMCwidXBkYXRlIjoxODAwMDAwMDAwMDAwfX0=",
          "dependencies": [
            "azurerm_resource_group.main",
            "azurerm_virtual_network.vnet1",
            "azurerm_virtual_network.vnet2"
          ]
        }
      ]
    },
    {
      "mode": "managed",
      "type": "azurerm_virtual_network_peering",
      "name": "VnePerring_2_to_1",
      "provider": "provider[\"registry.terraform.io/hashicorp/azurerm\"]",
      "instances": [
        {
          "schema_version": 0,
          "attributes": {
            "allow_forwarded_traffic": false,
            "allow_gateway_transit": false,
            "allow_virtual_network_access": true,
            "id": "/subscriptions/301c82ea-1da6-4937-b12b-57be61aec097/resourceGroups/TF-EIS-RG/providers/Microsoft.Network/virtualNetworks/TF-EIS-Network-2/virtualNetworkPeerings/peer_b2a",
            "name": "peer_b2a",
            "remote_virtual_network_id": "/subscriptions/301c82ea-1da6-4937-b12b-57be61aec097/resourceGroups/TF-EIS-RG/providers/Microsoft.Network/virtualNetworks/TF-EIS-Network-1",
            "resource_group_name": "TF-EIS-RG",
            "timeouts": null,
            "use_remote_gateways": false,
            "virtual_network_name": "TF-EIS-Network-2"
          },
          "sensitive_attributes": [],
          "private": "eyJlMmJmYjczMC1lY2FhLTExZTYtOGY4OC0zNDM2M2JjN2M0YzAiOnsiY3JlYXRlIjoxODAwMDAwMDAwMDAwLCJkZWxldGUiOjE4MDAwMDAwMDAwMDAsInJlYWQiOjMwMDAwMDAwMDAwMCwidXBkYXRlIjoxODAwMDAwMDAwMDAwfX0=",
          "dependencies": [
            "azurerm_resource_group.main",
            "azurerm_virtual_network.vnet1",
            "azurerm_virtual_network.vnet2"
          ]
        }
      ]
    }
  ]
}
