{
  "version": 4,
  "terraform_version": "1.0.7",
  "serial": 10,
  "lineage": "7a0c43de-3966-12eb-02b0-6bbdc40ec29b",
  "outputs": {},
  "resources": [
    {
      "mode": "managed",
      "type": "aws_s3_bucket",
      "name": "bucket_for_remote_state",
      "provider": "provider[\"registry.terraform.io/hashicorp/aws\"]",
      "instances": [
        {
          "schema_version": 0,
          "attributes": {
            "acceleration_status": "",
            "acl": "private",
            "arn": "arn:aws:s3:::oleg-drachyshyn-terraform-state",
            "bucket": "oleg-drachyshyn-terraform-state",
            "bucket_domain_name": "oleg-drachyshyn-terraform-state.s3.amazonaws.com",
            "bucket_prefix": null,
            "bucket_regional_domain_name": "oleg-drachyshyn-terraform-state.s3.eu-north-1.amazonaws.com",
            "cors_rule": [],
            "force_destroy": false,
            "grant": [],
            "hosted_zone_id": "Z3BAZG2TWCNX0D",
            "id": "oleg-drachyshyn-terraform-state",
            "lifecycle_rule": [],
            "logging": [],
            "object_lock_configuration": [],
            "policy": null,
            "region": "eu-north-1",
            "replication_configuration": [],
            "request_payer": "BucketOwner",
            "server_side_encryption_configuration": [],
            "tags": {
              "Environment": "ADV-IT",
              "Name": "oleg-drachyshyn-terraform-state"
            },
            "tags_all": {
              "Environment": "ADV-IT",
              "Name": "oleg-drachyshyn-terraform-state"
            },
            "versioning": [
              {
                "enabled": false,
                "mfa_delete": false
              }
            ],
            "website": [],
            "website_domain": null,
            "website_endpoint": null
          },
          "sensitive_attributes": [],
          "private": "bnVsbA=="
        }
      ]
    }
  ]
}
